{
  "version": 4,
  "terraform_version": "1.5.7",
  "serial": 47,
  "lineage": "7a5238d1-c8a9-da40-5c9c-bfc2c08c4668",
  "outputs": {},
  "resources": [
    {
      "mode": "managed",
      "type": "azurerm_network_interface",
      "name": "vnet01-nsg01-ni01",
      "provider": "provider[\"registry.terraform.io/hashicorp/azurerm\"]",
      "instances": [
        {
          "schema_version": 0,
          "attributes": {
            "applied_dns_servers": [],
            "dns_servers": [],
            "edge_zone": "",
            "enable_accelerated_networking": false,
            "enable_ip_forwarding": false,
            "id": "/subscriptions/d945d7dd-ab0f-4f97-b41e-01d16e5f80fd/resourceGroups/TFuser-RG00/providers/Microsoft.Network/networkInterfaces/TFuser-VNET01-NI01",
            "internal_dns_name_label": "",
            "internal_domain_name_suffix": "0e4vyz3ctzwexejvop0fdvjfff.bx.internal.cloudapp.net",
            "ip_configuration": [
              {
                "gateway_load_balancer_frontend_ip_configuration_id": "",
                "name": "vnet01-ipconfig",
                "primary": true,
                "private_ip_address": "10.0.1.4",
                "private_ip_address_allocation": "Dynamic",
                "private_ip_address_version": "IPv4",
                "public_ip_address_id": "",
                "subnet_id": "/subscriptions/d945d7dd-ab0f-4f97-b41e-01d16e5f80fd/resourceGroups/TFuser-RG00/providers/Microsoft.Network/virtualNetworks/TFuser-VNET01/subnets/TFuser-VNET01-SNET02"
              },
              {
                "gateway_load_balancer_frontend_ip_configuration_id": "",
                "name": "vnet01-ipconfig2",
                "primary": false,
                "private_ip_address": "10.0.1.5",
                "private_ip_address_allocation": "Dynamic",
                "private_ip_address_version": "IPv4",
                "public_ip_address_id": "",
                "subnet_id": "/subscriptions/d945d7dd-ab0f-4f97-b41e-01d16e5f80fd/resourceGroups/TFuser-RG00/providers/Microsoft.Network/virtualNetworks/TFuser-VNET01/subnets/TFuser-VNET01-SNET02"
              }
            ],
            "location": "eastus",
            "mac_address": "00-22-48-2B-55-20",
            "name": "TFuser-VNET01-NI01",
            "private_ip_address": "10.0.1.4",
            "private_ip_addresses": [
              "10.0.1.4",
              "10.0.1.5"
            ],
            "resource_group_name": "TFuser-RG00",
            "tags": {},
            "timeouts": null,
            "virtual_machine_id": "/subscriptions/d945d7dd-ab0f-4f97-b41e-01d16e5f80fd/resourceGroups/TFuser-RG00/providers/Microsoft.Compute/virtualMachines/TFUSERVMWIN01"
          },
          "sensitive_attributes": [],
          "private": "eyJlMmJmYjczMC1lY2FhLTExZTYtOGY4OC0zNDM2M2JjN2M0YzAiOnsiY3JlYXRlIjoxODAwMDAwMDAwMDAwLCJkZWxldGUiOjE4MDAwMDAwMDAwMDAsInJlYWQiOjMwMDAwMDAwMDAwMCwidXBkYXRlIjoxODAwMDAwMDAwMDAwfX0=",
          "dependencies": [
            "azurerm_resource_group.TFuser-RG1",
            "azurerm_subnet.vnet01-subnet02",
            "azurerm_virtual_network.vnet1"
          ]
        }
      ]
    },
    {
      "mode": "managed",
      "type": "azurerm_network_interface_security_group_association",
      "name": "vnet01-nisga01",
      "provider": "provider[\"registry.terraform.io/hashicorp/azurerm\"]",
      "instances": [
        {
          "schema_version": 0,
          "attributes": {
            "id": "/subscriptions/d945d7dd-ab0f-4f97-b41e-01d16e5f80fd/resourceGroups/TFuser-RG00/providers/Microsoft.Network/networkInterfaces/TFuser-VNET01-NI01|/subscriptions/d945d7dd-ab0f-4f97-b41e-01d16e5f80fd/resourceGroups/TFuser-RG00/providers/Microsoft.Network/networkSecurityGroups/TFuser-VNET01-NSG01",
            "network_interface_id": "/subscriptions/d945d7dd-ab0f-4f97-b41e-01d16e5f80fd/resourceGroups/TFuser-RG00/providers/Microsoft.Network/networkInterfaces/TFuser-VNET01-NI01",
            "network_security_group_id": "/subscriptions/d945d7dd-ab0f-4f97-b41e-01d16e5f80fd/resourceGroups/TFuser-RG00/providers/Microsoft.Network/networkSecurityGroups/TFuser-VNET01-NSG01",
            "timeouts": null
          },
          "sensitive_attributes": [],
          "private": "eyJlMmJmYjczMC1lY2FhLTExZTYtOGY4OC0zNDM2M2JjN2M0YzAiOnsiY3JlYXRlIjoxODAwMDAwMDAwMDAwLCJkZWxldGUiOjE4MDAwMDAwMDAwMDAsInJlYWQiOjMwMDAwMDAwMDAwMCwidXBkYXRlIjoxODAwMDAwMDAwMDAwfX0=",
          "dependencies": [
            "azurerm_network_interface.vnet01-nsg01-ni01",
            "azurerm_network_security_group.vnet01-nsg01",
            "azurerm_resource_group.TFuser-RG1",
            "azurerm_subnet.vnet01-subnet02",
            "azurerm_virtual_network.vnet1"
          ]
        }
      ]
    },
    {
      "mode": "managed",
      "type": "azurerm_network_security_group",
      "name": "vnet01-nsg01",
      "provider": "provider[\"registry.terraform.io/hashicorp/azurerm\"]",
      "instances": [
        {
          "schema_version": 0,
          "attributes": {
            "id": "/subscriptions/d945d7dd-ab0f-4f97-b41e-01d16e5f80fd/resourceGroups/TFuser-RG00/providers/Microsoft.Network/networkSecurityGroups/TFuser-VNET01-NSG01",
            "location": "eastus",
            "name": "TFuser-VNET01-NSG01",
            "resource_group_name": "TFuser-RG00",
            "security_rule": [],
            "tags": {},
            "timeouts": null
          },
          "sensitive_attributes": [],
          "private": "eyJlMmJmYjczMC1lY2FhLTExZTYtOGY4OC0zNDM2M2JjN2M0YzAiOnsiY3JlYXRlIjoxODAwMDAwMDAwMDAwLCJkZWxldGUiOjE4MDAwMDAwMDAwMDAsInJlYWQiOjMwMDAwMDAwMDAwMCwidXBkYXRlIjoxODAwMDAwMDAwMDAwfX0=",
          "dependencies": [
            "azurerm_resource_group.TFuser-RG1"
          ]
        }
      ]
    },
    {
      "mode": "managed",
      "type": "azurerm_network_security_rule",
      "name": "nsgrule1",
      "provider": "provider[\"registry.terraform.io/hashicorp/azurerm\"]",
      "instances": [
        {
          "schema_version": 0,
          "attributes": {
            "access": "Allow",
            "description": "",
            "destination_address_prefix": "*",
            "destination_address_prefixes": null,
            "destination_application_security_group_ids": null,
            "destination_port_range": "*",
            "destination_port_ranges": null,
            "direction": "Inbound",
            "id": "/subscriptions/d945d7dd-ab0f-4f97-b41e-01d16e5f80fd/resourceGroups/TFuser-RG00/providers/Microsoft.Network/networkSecurityGroups/TFuser-VNET01-NSG01/securityRules/nsgrule01",
            "name": "nsgrule01",
            "network_security_group_name": "TFuser-VNET01-NSG01",
            "priority": 1001,
            "protocol": "Tcp",
            "resource_group_name": "TFuser-RG00",
            "source_address_prefix": "*",
            "source_address_prefixes": null,
            "source_application_security_group_ids": null,
            "source_port_range": "*",
            "source_port_ranges": null,
            "timeouts": null
          },
          "sensitive_attributes": [],
          "private": "eyJlMmJmYjczMC1lY2FhLTExZTYtOGY4OC0zNDM2M2JjN2M0YzAiOnsiY3JlYXRlIjoxODAwMDAwMDAwMDAwLCJkZWxldGUiOjE4MDAwMDAwMDAwMDAsInJlYWQiOjMwMDAwMDAwMDAwMCwidXBkYXRlIjoxODAwMDAwMDAwMDAwfX0=",
          "dependencies": [
            "azurerm_network_security_group.vnet01-nsg01",
            "azurerm_resource_group.TFuser-RG1"
          ]
        }
      ]
    },
    {
      "mode": "managed",
      "type": "azurerm_resource_group",
      "name": "TFuser-RG1",
      "provider": "provider[\"registry.terraform.io/hashicorp/azurerm\"]",
      "instances": [
        {
          "schema_version": 0,
          "attributes": {
            "id": "/subscriptions/d945d7dd-ab0f-4f97-b41e-01d16e5f80fd/resourceGroups/TFuser-RG00",
            "location": "eastus",
            "name": "TFuser-RG00",
            "tags": {},
            "timeouts": null
          },
          "sensitive_attributes": [],
          "private": "eyJlMmJmYjczMC1lY2FhLTExZTYtOGY4OC0zNDM2M2JjN2M0YzAiOnsiY3JlYXRlIjo1NDAwMDAwMDAwMDAwLCJkZWxldGUiOjU0MDAwMDAwMDAwMDAsInJlYWQiOjMwMDAwMDAwMDAwMCwidXBkYXRlIjo1NDAwMDAwMDAwMDAwfX0="
        }
      ]
    },
    {
      "mode": "managed",
      "type": "azurerm_subnet",
      "name": "vnet01-subnet02",
      "provider": "provider[\"registry.terraform.io/hashicorp/azurerm\"]",
      "instances": [
        {
          "schema_version": 0,
          "attributes": {
            "address_prefixes": [
              "10.0.1.0/26"
            ],
            "delegation": [],
            "enforce_private_link_endpoint_network_policies": false,
            "enforce_private_link_service_network_policies": false,
            "id": "/subscriptions/d945d7dd-ab0f-4f97-b41e-01d16e5f80fd/resourceGroups/TFuser-RG00/providers/Microsoft.Network/virtualNetworks/TFuser-VNET01/subnets/TFuser-VNET01-SNET02",
            "name": "TFuser-VNET01-SNET02",
            "resource_group_name": "TFuser-RG00",
            "service_endpoint_policy_ids": [],
            "service_endpoints": [],
            "timeouts": null,
            "virtual_network_name": "TFuser-VNET01"
          },
          "sensitive_attributes": [],
          "private": "eyJlMmJmYjczMC1lY2FhLTExZTYtOGY4OC0zNDM2M2JjN2M0YzAiOnsiY3JlYXRlIjoxODAwMDAwMDAwMDAwLCJkZWxldGUiOjE4MDAwMDAwMDAwMDAsInJlYWQiOjMwMDAwMDAwMDAwMCwidXBkYXRlIjoxODAwMDAwMDAwMDAwfX0=",
          "dependencies": [
            "azurerm_resource_group.TFuser-RG1",
            "azurerm_virtual_network.vnet1"
          ]
        }
      ]
    },
    {
      "mode": "managed",
      "type": "azurerm_subnet_network_security_group_association",
      "name": "nsgA01",
      "provider": "provider[\"registry.terraform.io/hashicorp/azurerm\"]",
      "instances": [
        {
          "schema_version": 0,
          "attributes": {
            "id": "/subscriptions/d945d7dd-ab0f-4f97-b41e-01d16e5f80fd/resourceGroups/TFuser-RG00/providers/Microsoft.Network/virtualNetworks/TFuser-VNET01/subnets/TFuser-VNET01-SNET02",
            "network_security_group_id": "/subscriptions/d945d7dd-ab0f-4f97-b41e-01d16e5f80fd/resourceGroups/TFuser-RG00/providers/Microsoft.Network/networkSecurityGroups/TFuser-VNET01-NSG01",
            "subnet_id": "/subscriptions/d945d7dd-ab0f-4f97-b41e-01d16e5f80fd/resourceGroups/TFuser-RG00/providers/Microsoft.Network/virtualNetworks/TFuser-VNET01/subnets/TFuser-VNET01-SNET02",
            "timeouts": null
          },
          "sensitive_attributes": [],
          "private": "eyJlMmJmYjczMC1lY2FhLTExZTYtOGY4OC0zNDM2M2JjN2M0YzAiOnsiY3JlYXRlIjoxODAwMDAwMDAwMDAwLCJkZWxldGUiOjE4MDAwMDAwMDAwMDAsInJlYWQiOjMwMDAwMDAwMDAwMCwidXBkYXRlIjoxODAwMDAwMDAwMDAwfX0=",
          "dependencies": [
            "azurerm_network_security_group.vnet01-nsg01",
            "azurerm_resource_group.TFuser-RG1",
            "azurerm_subnet.vnet01-subnet02",
            "azurerm_virtual_network.vnet1"
          ]
        }
      ]
    },
    {
      "mode": "managed",
      "type": "azurerm_virtual_network",
      "name": "vnet1",
      "provider": "provider[\"registry.terraform.io/hashicorp/azurerm\"]",
      "instances": [
        {
          "schema_version": 0,
          "attributes": {
            "address_space": [
              "10.0.0.0/16"
            ],
            "bgp_community": "",
            "ddos_protection_plan": [],
            "dns_servers": [],
            "edge_zone": "",
            "flow_timeout_in_minutes": 0,
            "guid": "675c3dd1-9ea2-4b6c-9135-73f451d5252d",
            "id": "/subscriptions/d945d7dd-ab0f-4f97-b41e-01d16e5f80fd/resourceGroups/TFuser-RG00/providers/Microsoft.Network/virtualNetworks/TFuser-VNET01",
            "location": "eastus",
            "name": "TFuser-VNET01",
            "resource_group_name": "TFuser-RG00",
            "subnet": [
              {
                "address_prefix": "10.0.0.0/26",
                "id": "/subscriptions/d945d7dd-ab0f-4f97-b41e-01d16e5f80fd/resourceGroups/TFuser-RG00/providers/Microsoft.Network/virtualNetworks/TFuser-VNET01/subnets/TFuser-VNET01-SNET01",
                "name": "TFuser-VNET01-SNET01",
                "security_group": "/subscriptions/d945d7dd-ab0f-4f97-b41e-01d16e5f80fd/resourceGroups/TFuser-RG00/providers/Microsoft.Network/networkSecurityGroups/TFuser-VNET01-NSG01"
              },
              {
                "address_prefix": "10.0.1.0/26",
                "id": "/subscriptions/d945d7dd-ab0f-4f97-b41e-01d16e5f80fd/resourceGroups/TFuser-RG00/providers/Microsoft.Network/virtualNetworks/TFuser-VNET01/subnets/TFuser-VNET01-SNET02",
                "name": "TFuser-VNET01-SNET02",
                "security_group": "/subscriptions/d945d7dd-ab0f-4f97-b41e-01d16e5f80fd/resourceGroups/TFuser-RG00/providers/Microsoft.Network/networkSecurityGroups/TFuser-VNET01-NSG01"
              }
            ],
            "tags": {},
            "timeouts": null
          },
          "sensitive_attributes": [],
          "private": "eyJlMmJmYjczMC1lY2FhLTExZTYtOGY4OC0zNDM2M2JjN2M0YzAiOnsiY3JlYXRlIjoxODAwMDAwMDAwMDAwLCJkZWxldGUiOjE4MDAwMDAwMDAwMDAsInJlYWQiOjMwMDAwMDAwMDAwMCwidXBkYXRlIjoxODAwMDAwMDAwMDAwfX0=",
          "dependencies": [
            "azurerm_resource_group.TFuser-RG1"
          ]
        }
      ]
    },
    {
      "mode": "managed",
      "type": "azurerm_windows_virtual_machine",
      "name": "vm1",
      "provider": "provider[\"registry.terraform.io/hashicorp/azurerm\"]",
      "instances": [
        {
          "schema_version": 0,
          "attributes": {
            "additional_capabilities": [],
            "additional_unattend_content": [],
            "admin_password": "Bhanu@12345",
            "admin_username": "Bhanu",
            "allow_extension_operations": true,
            "availability_set_id": "",
            "boot_diagnostics": [],
            "computer_name": "TFUSERVMWIN01",
            "custom_data": null,
            "dedicated_host_group_id": "",
            "dedicated_host_id": "",
            "edge_zone": "",
            "enable_automatic_updates": true,
            "encryption_at_host_enabled": false,
            "eviction_policy": "",
            "extensions_time_budget": "PT1H30M",
            "hotpatching_enabled": false,
            "id": "/subscriptions/d945d7dd-ab0f-4f97-b41e-01d16e5f80fd/resourceGroups/TFuser-RG00/providers/Microsoft.Compute/virtualMachines/TFUSERVMWIN01",
            "identity": [],
            "license_type": "",
            "location": "eastus",
            "max_bid_price": -1,
            "name": "TFUSERVMWIN01",
            "network_interface_ids": [
              "/subscriptions/d945d7dd-ab0f-4f97-b41e-01d16e5f80fd/resourceGroups/TFuser-RG00/providers/Microsoft.Network/networkInterfaces/TFuser-VNET01-NI01"
            ],
            "os_disk": [
              {
                "caching": "ReadWrite",
                "diff_disk_settings": [],
                "disk_encryption_set_id": "",
                "disk_size_gb": 127,
                "name": "TFUSERVMWIN01_OsDisk_1_231726cabc304d7d854ef0b5e0af76d8",
                "storage_account_type": "Standard_LRS",
                "write_accelerator_enabled": false
              }
            ],
            "patch_mode": "AutomaticByOS",
            "plan": [],
            "platform_fault_domain": -1,
            "priority": "Regular",
            "private_ip_address": "10.0.1.4",
            "private_ip_addresses": [
              "10.0.1.4",
              "10.0.1.5"
            ],
            "provision_vm_agent": true,
            "proximity_placement_group_id": "",
            "public_ip_address": "",
            "public_ip_addresses": [],
            "resource_group_name": "TFuser-RG00",
            "secret": [],
            "secure_boot_enabled": false,
            "size": "Standard_B1s",
            "source_image_id": "",
            "source_image_reference": [
              {
                "offer": "WindowsServer",
                "publisher": "MicrosoftWindowsServer",
                "sku": "2016-Datacenter",
                "version": "latest"
              }
            ],
            "tags": {},
            "termination_notification": [],
            "timeouts": null,
            "timezone": "",
            "user_data": "",
            "virtual_machine_id": "91ade149-5b06-4c61-98de-fcff66568fb4",
            "virtual_machine_scale_set_id": "",
            "vtpm_enabled": false,
            "winrm_listener": [],
            "zone": ""
          },
          "sensitive_attributes": [],
          "private": "eyJlMmJmYjczMC1lY2FhLTExZTYtOGY4OC0zNDM2M2JjN2M0YzAiOnsiY3JlYXRlIjoyNzAwMDAwMDAwMDAwLCJkZWxldGUiOjI3MDAwMDAwMDAwMDAsInJlYWQiOjMwMDAwMDAwMDAwMCwidXBkYXRlIjoyNzAwMDAwMDAwMDAwfX0=",
          "dependencies": [
            "azurerm_network_interface.vnet01-nsg01-ni01",
            "azurerm_resource_group.TFuser-RG1",
            "azurerm_subnet.vnet01-subnet02",
            "azurerm_virtual_network.vnet1"
          ]
        }
      ]
    }
  ],
  "check_results": null
}
